{
  "nodes": {
    "channels": {
      "inputs": {
        "nixpkgs": "nixpkgs",
        "nixpkgs-unstable": "nixpkgs-unstable"
      },
      "locked": {
        "path": "../../channels",
        "type": "path"
      },
      "original": {
        "path": "../../channels",
        "type": "path"
      },
      "parent": [
        "nix-devenv"
      ]
    },
    "nix-devenv": {
      "inputs": {
        "channels": "channels",
        "nixpkgs": [
          "nixpkgs"
        ]
      },
      "locked": {
        "dir": "shells/typescript",
        "lastModified": 1791498500,
        "narHash": "sha256-+YmiDsVdie4Q4/tvzQtbMOy9olXCj5ikhFSAaeFTTXY=",
        "owner": "JacobPEvans",
        "repo": "nix-devenv",
        "rev": "dd26bae3ac2a76faa00cb5bb2ce7bdcdfc34bcc3",
        "type": "github"
      },
      "original": {
        "dir": "shells/typescript",
        "owner": "JacobPEvans",
        "repo": "nix-devenv",
        "type": "github"
      }
    },
    "nixpkgs": {
      "locked": {
        "lastModified": 1790291545,
        "narHash": "sha256-WQhNWIW3PPijuZexyl5Zf0tJuQ7sKt5C9WPXVO4pMuM=",
        "owner": "nixos",
        "repo": "nixpkgs",
        "rev": "7486293a941f7b0ec123f0c431517027f705f60f",
        "type": "github"
      },
      "original": {
        "owner": "nixos",
        "ref": "nixpkgs-26.05-darwin",
        "repo": "nixpkgs",
        "type": "github"
      }
    },
    "nixpkgs-unstable": {
      "locked": {
        "lastModified": 1790238896,
        "narHash": "sha256-ym4BG18Pu2awiJIehla1Lo9xiB2QYRcCzW3SB74gEBY=",
        "owner": "nixos",
        "repo": "nixpkgs",
        "rev": "34ca302a9572963c02e385c056be37c85ff51b77",
        "type": "github"
      },
      "original": {
        "owner": "nixos",
        "ref": "nixpkgs-unstable",
        "repo": "nixpkgs",
        "type": "github"
      }
    },
    "nixpkgs_2": {
      "locked": {
        "lastModified": 1782904953,
        "narHash": "sha256-ESJ4VgytmAt+98YLM8466luln4HyEZ9Q36b9+Bb4P5w=",
        "owner": "nixos",
        "repo": "nixpkgs",
        "rev": "0921fdb3e13e40fe25fbc52b89661a9d6d32ac68",
        "type": "github"
      },
      "original": {
        "owner": "nixos",
        "ref": "nixpkgs-25.11-darwin",
        "repo": "nixpkgs",
        "type": "github"
      }
    },
    "root": {
      "inputs": {
        "nix-devenv": "nix-devenv",
        "nixpkgs": "nixpkgs_2"
      }
    }
  },
  "root": "root",
  "version": 7
}
