{
  "nodes": {
    "channels": {
      "inputs": {
        "nixpkgs": "nixpkgs",
        "nixpkgs-unstable": "nixpkgs-unstable"
      },
      "locked": {
        "path": "../../channels",
        "type": "path"
      },
      "original": {
        "path": "../../channels",
        "type": "path"
      },
      "parent": [
        "nix-devenv"
      ]
    },
    "nix-devenv": {
      "inputs": {
        "channels": "channels",
        "nixpkgs": [
          "nixpkgs"
        ]
      },
      "locked": {
        "dir": "shells/typescript",
        "lastModified": 1791571666,
        "narHash": "sha256-1DXej4u1e1QSYwrZjHnd0nQB0napiUn97g+4ziuoUsU=",
        "owner": "JacobPEvans",
        "repo": "nix-devenv",
        "rev": "9ba85721b5ca7a688244e2a50d717b54f5474df6",
        "type": "github"
      },
      "original": {
        "dir": "shells/typescript",
        "owner": "JacobPEvans",
        "repo": "nix-devenv",
        "type": "github"
      }
    },
    "nixpkgs": {
      "locked": {
        "lastModified": 1791447531,
        "narHash": "sha256-AsoGS8G2y3shwAtQWQhgV4Fa3uw6qzFejfqSblOGkhE=",
        "owner": "nixos",
        "repo": "nixpkgs",
        "rev": "55afc4c3adc7194df3b96d43b7d18bf8131bfcfa",
        "type": "github"
      },
      "original": {
        "owner": "nixos",
        "ref": "nixpkgs-26.05-darwin",
        "repo": "nixpkgs",
        "type": "github"
      }
    },
    "nixpkgs-unstable": {
      "locked": {
        "lastModified": 1791366222,
        "narHash": "sha256-o0N4g6uSOIppU7CGToNvGlMf5vC+B6O6ukFHKY/TKOY=",
        "owner": "nixos",
        "repo": "nixpkgs",
        "rev": "39ad350a0602fa0a58a544344e3e9187526ea45c",
        "type": "github"
      },
      "original": {
        "owner": "nixos",
        "ref": "nixpkgs-unstable",
        "repo": "nixpkgs",
        "type": "github"
      }
    },
    "nixpkgs_2": {
      "locked": {
        "lastModified": 1782904953,
        "narHash": "sha256-ESJ4VgytmAt+98YLM8466luln4HyEZ9Q36b9+Bb4P5w=",
        "owner": "nixos",
        "repo": "nixpkgs",
        "rev": "0921fdb3e13e40fe25fbc52b89661a9d6d32ac68",
        "type": "github"
      },
      "original": {
        "owner": "nixos",
        "ref": "nixpkgs-25.11-darwin",
        "repo": "nixpkgs",
        "type": "github"
      }
    },
    "root": {
      "inputs": {
        "nix-devenv": "nix-devenv",
        "nixpkgs": "nixpkgs_2"
      }
    }
  },
  "root": "root",
  "version": 7
}
