{
  "nodes": {
    "channels": {
      "inputs": {
        "nixpkgs": "nixpkgs",
        "nixpkgs-unstable": "nixpkgs-unstable"
      },
      "locked": {
        "path": "../../channels",
        "type": "path"
      },
      "original": {
        "path": "../../channels",
        "type": "path"
      },
      "parent": [
        "nix-devenv"
      ]
    },
    "nix-devenv": {
      "inputs": {
        "channels": "channels",
        "nixpkgs": [
          "nixpkgs"
        ]
      },
      "locked": {
        "dir": "shells/typescript",
        "lastModified": 1791031195,
        "narHash": "sha256-PfE0xqDvKC1lgAc96j7M8Db9lXfmi0+lcnbUwcEHaKc=",
        "owner": "JacobPEvans",
        "repo": "nix-devenv",
        "rev": "76bffd4074fdbed0915a35925a0b3306f71a645c",
        "type": "github"
      },
      "original": {
        "dir": "shells/typescript",
        "owner": "JacobPEvans",
        "repo": "nix-devenv",
        "type": "github"
      }
    },
    "nixpkgs": {
      "locked": {
        "lastModified": 1790291545,
        "narHash": "sha256-WQhNWIW3PPijuZexyl5Zf0tJuQ7sKt5C9WPXVO4pMuM=",
        "owner": "nixos",
        "repo": "nixpkgs",
        "rev": "7486293a941f7b0ec123f0c431517027f705f60f",
        "type": "github"
      },
      "original": {
        "owner": "nixos",
        "ref": "nixpkgs-26.05-darwin",
        "repo": "nixpkgs",
        "type": "github"
      }
    },
    "nixpkgs-unstable": {
      "locked": {
        "lastModified": 1790238896,
        "narHash": "sha256-ym4BG18Pu2awiJIehla1Lo9xiB2QYRcCzW3SB74gEBY=",
        "owner": "nixos",
        "repo": "nixpkgs",
        "rev": "34ca302a9572963c02e385c056be37c85ff51b77",
        "type": "github"
      },
      "original": {
        "owner": "nixos",
        "ref": "nixpkgs-unstable",
        "repo": "nixpkgs",
        "type": "github"
      }
    },
    "nixpkgs_2": {
      "locked": {
        "lastModified": 1779495359,
        "narHash": "sha256-KZ/9A3gvlKboDm2Kbv4A6KnfA9wMSfebyoEU91HeBn8=",
        "owner": "nixos",
        "repo": "nixpkgs",
        "rev": "2b76bb8a3c79707f0d0903e486da6d9851654c3c",
        "type": "github"
      },
      "original": {
        "owner": "nixos",
        "ref": "nixpkgs-25.11-darwin",
        "repo": "nixpkgs",
        "type": "github"
      }
    },
    "root": {
      "inputs": {
        "nix-devenv": "nix-devenv",
        "nixpkgs": "nixpkgs_2"
      }
    }
  },
  "root": "root",
  "version": 7
}
